
Microsoft Visual Studio Solution File, Format Version 12.00
# Visual Studio 15
VisualStudioVersion = 15.0.26730.16
MinimumVisualStudioVersion = 10.0.40219.1
Project("{FAE04EC0-301F-11D3-BF4B-00C04F79EFBC}") = "BDLab26", "BDLab26\BDLab26.csproj", "{B1D8366D-D0A1-453A-9FB9-09BB288277A8}"
EndProject
Global
	GlobalSection(SolutionConfigurationPlatforms) = preSolution
		Debug|Any CPU = Debug|Any CPU
		Release|Any CPU = Release|Any CPU
	EndGlobalSection
	GlobalSection(ProjectConfigurationPlatforms) = postSolution
		{B1D8366D-D0A1-453A-9FB9-09BB288277A8}.Debug|Any CPU.ActiveCfg = Debug|Any CPU
		{B1D8366D-D0A1-453A-9FB9-09BB288277A8}.Debug|Any CPU.Build.0 = Debug|Any CPU
		{B1D8366D-D0A1-453A-9FB9-09BB288277A8}.Release|Any CPU.ActiveCfg = Release|Any CPU
		{B1D8366D-D0A1-453A-9FB9-09BB288277A8}.Release|Any CPU.Build.0 = Release|Any CPU
	EndGlobalSection
	GlobalSection(SolutionProperties) = preSolution
		HideSolutionNode = FALSE
	EndGlobalSection
	GlobalSection(ExtensibilityGlobals) = postSolution
		SolutionGuid = {AC9DC5DA-E3CB-4E6A-9C12-BD8B288CF3F7}
	EndGlobalSection
EndGlobal
